
Microsoft Visual Studio Solution File, Format Version 12.00
# Visual Studio Version 17
VisualStudioVersion = 17.9.34728.123
MinimumVisualStudioVersion = 10.0.40219.1
Project("{FAE04EC0-301F-11D3-BF4B-00C04F79EFBC}") = "ServoTester3", "ServoTester3\ServoTester3.csproj", "{2F1C7A98-E589-4843-9AB8-2B1C1C5E07B0}"
EndProject
Global
	GlobalSection(SolutionConfigurationPlatforms) = preSolution
		Debug|Any CPU = Debug|Any CPU
		Release|Any CPU = Release|Any CPU
	EndGlobalSection
	GlobalSection(ProjectConfigurationPlatforms) = postSolution
		{2F1C7A98-E589-4843-9AB8-2B1C1C5E07B0}.Debug|Any CPU.ActiveCfg = Debug|Any CPU
		{2F1C7A98-E589-4843-9AB8-2B1C1C5E07B0}.Debug|Any CPU.Build.0 = Debug|Any CPU
		{2F1C7A98-E589-4843-9AB8-2B1C1C5E07B0}.Release|Any CPU.ActiveCfg = Release|Any CPU
		{2F1C7A98-E589-4843-9AB8-2B1C1C5E07B0}.Release|Any CPU.Build.0 = Release|Any CPU
	EndGlobalSection
	GlobalSection(SolutionProperties) = preSolution
		HideSolutionNode = FALSE
	EndGlobalSection
	GlobalSection(ExtensibilityGlobals) = postSolution
		SolutionGuid = {4CF64DEC-D810-4633-BDCE-49B5C254DEF3}
	EndGlobalSection
EndGlobal
